
Microsoft Visual Studio Solution File, Format Version 12.00
# Visual Studio Version 17
VisualStudioVersion = 17.2.32616.157
MinimumVisualStudioVersion = 10.0.40219.1
Project("{9A19103F-16F7-4668-BE54-9A1E7A4F7556}") = "App.Ui", "App.UI\App.Ui.csproj", "{F9B02E22-FCAE-4006-B3C9-5E82720534F4}"
EndProject
Project("{9A19103F-16F7-4668-BE54-9A1E7A4F7556}") = "AppCore", "AppCore\AppCore.csproj", "{7A857521-7925-44A6-9BCA-C0F85A7332DF}"
EndProject
Project("{FAE04EC0-301F-11D3-BF4B-00C04F79EFBC}") = "App.Admin", "App.Admin\App.Admin.csproj", "{A0663B76-E810-4B14-A030-297B48324AC5}"
EndProject
Global
	GlobalSection(SolutionConfigurationPlatforms) = preSolution
		Debug|Any CPU = Debug|Any CPU
		Release|Any CPU = Release|Any CPU
	EndGlobalSection
	GlobalSection(ProjectConfigurationPlatforms) = postSolution
		{F9B02E22-FCAE-4006-B3C9-5E82720534F4}.Debug|Any CPU.ActiveCfg = Debug|Any CPU
		{F9B02E22-FCAE-4006-B3C9-5E82720534F4}.Debug|Any CPU.Build.0 = Debug|Any CPU
		{F9B02E22-FCAE-4006-B3C9-5E82720534F4}.Release|Any CPU.ActiveCfg = Release|Any CPU
		{F9B02E22-FCAE-4006-B3C9-5E82720534F4}.Release|Any CPU.Build.0 = Release|Any CPU
		{7A857521-7925-44A6-9BCA-C0F85A7332DF}.Debug|Any CPU.ActiveCfg = Debug|Any CPU
		{7A857521-7925-44A6-9BCA-C0F85A7332DF}.Debug|Any CPU.Build.0 = Debug|Any CPU
		{7A857521-7925-44A6-9BCA-C0F85A7332DF}.Release|Any CPU.ActiveCfg = Release|Any CPU
		{7A857521-7925-44A6-9BCA-C0F85A7332DF}.Release|Any CPU.Build.0 = Release|Any CPU
		{A0663B76-E810-4B14-A030-297B48324AC5}.Debug|Any CPU.ActiveCfg = Debug|Any CPU
		{A0663B76-E810-4B14-A030-297B48324AC5}.Debug|Any CPU.Build.0 = Debug|Any CPU
		{A0663B76-E810-4B14-A030-297B48324AC5}.Release|Any CPU.ActiveCfg = Release|Any CPU
		{A0663B76-E810-4B14-A030-297B48324AC5}.Release|Any CPU.Build.0 = Release|Any CPU
	EndGlobalSection
	GlobalSection(SolutionProperties) = preSolution
		HideSolutionNode = FALSE
	EndGlobalSection
	GlobalSection(ExtensibilityGlobals) = postSolution
		SolutionGuid = {1CB776B9-F168-496E-9C9C-6FA562BA5001}
	EndGlobalSection
EndGlobal
